# THIS IS AN AUTOGENERATED FILE. DO NOT EDIT THIS FILE DIRECTLY.
# yarn lockfile v1


crypto@^1.0.1:
  version "1.0.1"
  resolved "https://registry.yarnpkg.com/crypto/-/crypto-1.0.1.tgz#2af1b7cad8175d24c8a1b0778255794a21803037"

merkle@^0.6.0:
  version "0.6.0"
  resolved "https://registry.yarnpkg.com/merkle/-/merkle-0.6.0.tgz#bde33f7a2fe7bb8217dc7890572b3ae3990778f3"
  dependencies:
    optimist "0.6.1"
    through "2.3.6"

minimist@~0.0.1:
  version "0.0.10"
  resolved "http://registry.npmjs.org/minimist/-/minimist-0.0.10.tgz#de3f98543dbf96082be48ad1a0c7cda836301dcf"

optimist@0.6.1:
  version "0.6.1"
  resolved "https://registry.yarnpkg.com/optimist/-/optimist-0.6.1.tgz#da3ea74686fa21a19a111c326e90eb15a0196686"
  dependencies:
    minimist "~0.0.1"
    wordwrap "~0.0.2"

through@2.3.6:
  version "2.3.6"
  resolved "http://registry.npmjs.org/through/-/through-2.3.6.tgz#26681c0f524671021d4e29df7c36bce2d0ecf2e8"

wordwrap@~0.0.2:
  version "0.0.3"
  resolved "https://registry.yarnpkg.com/wordwrap/-/wordwrap-0.0.3.tgz#a3d5da6cd5c0bc0008d37234bbaf1bed63059107"
